// !$*UTF8*$!
{
	archiveVersion = 1;
	classes = {
	};
	objectVersion = 50;
	objects = {

/* Begin PBXBuildFile section */
		3709F6A723D816B40021DAF4 /* Photo.swift in Sources */ = {isa = PBXBuildFile; fileRef = 3709F6A623D816B40021DAF4 /* Photo.swift */; };
		3743D44023D89C4A00DE679A /* PhotosError.swift in Sources */ = {isa = PBXBuildFile; fileRef = 3743D43F23D89C4A00DE679A /* PhotosError.swift */; };
		3743D44223D89CCE00DE679A /* PhotosResult.swift in Sources */ = {isa = PBXBuildFile; fileRef = 3743D44123D89CCE00DE679A /* PhotosResult.swift */; };
		3743D4FA23DAB5E300DE679A /* PhotoError.swift in Sources */ = {isa = PBXBuildFile; fileRef = 3743D4F923DAB5E300DE679A /* PhotoError.swift */; };
		3743D4FC23DAB5F000DE679A /* ImageResult.swift in Sources */ = {isa = PBXBuildFile; fileRef = 3743D4FB23DAB5F000DE679A /* ImageResult.swift */; };
		3743D50323DAC43500DE679A /* PhotoDataSource.swift in Sources */ = {isa = PBXBuildFile; fileRef = 3743D50223DAC43500DE679A /* PhotoDataSource.swift */; };
		3743D50823DACBFA00DE679A /* PhotoCollectionViewCell.swift in Sources */ = {isa = PBXBuildFile; fileRef = 3743D50723DACBFA00DE679A /* PhotoCollectionViewCell.swift */; };
		3743D50B23DB2EB600DE679A /* PhotoExtension.swift in Sources */ = {isa = PBXBuildFile; fileRef = 3743D50A23DB2EB600DE679A /* PhotoExtension.swift */; };
		3743D50D23DC066000DE679A /* ImageStore.swift in Sources */ = {isa = PBXBuildFile; fileRef = 3743D50C23DC065F00DE679A /* ImageStore.swift */; };
		3743D51223DC085800DE679A /* PhotoInfoViewController.swift in Sources */ = {isa = PBXBuildFile; fileRef = 3743D51123DC085800DE679A /* PhotoInfoViewController.swift */; };
		3743D51423DDD49100DE679A /* UIImageExtension.swift in Sources */ = {isa = PBXBuildFile; fileRef = 3743D51323DDD49100DE679A /* UIImageExtension.swift */; };
		3743D51723DEB75D00DE679A /* Constants.swift in Sources */ = {isa = PBXBuildFile; fileRef = 3743D51623DEB75D00DE679A /* Constants.swift */; };
		37E4E54823D7CEEF0010B6A4 /* AppDelegate.swift in Sources */ = {isa = PBXBuildFile; fileRef = 37E4E54723D7CEEF0010B6A4 /* AppDelegate.swift */; };
		37E4E54A23D7CEEF0010B6A4 /* SceneDelegate.swift in Sources */ = {isa = PBXBuildFile; fileRef = 37E4E54923D7CEEF0010B6A4 /* SceneDelegate.swift */; };
		37E4E55123D7CEF10010B6A4 /* Assets.xcassets in Resources */ = {isa = PBXBuildFile; fileRef = 37E4E55023D7CEF10010B6A4 /* Assets.xcassets */; };
		37E4E55F23D7CEF10010B6A4 /* PhotoDisplayerTests.swift in Sources */ = {isa = PBXBuildFile; fileRef = 37E4E55E23D7CEF10010B6A4 /* PhotoDisplayerTests.swift */; };
		37E4E56A23D7CEF10010B6A4 /* PhotoDisplayerUITests.swift in Sources */ = {isa = PBXBuildFile; fileRef = 37E4E56923D7CEF10010B6A4 /* PhotoDisplayerUITests.swift */; };
		37E4E57823D7CF190010B6A4 /* PhotosViewController.swift in Sources */ = {isa = PBXBuildFile; fileRef = 37E4E57723D7CF190010B6A4 /* PhotosViewController.swift */; };
		37E4E57A23D7D1330010B6A4 /* PhotosAPI.swift in Sources */ = {isa = PBXBuildFile; fileRef = 37E4E57923D7D1330010B6A4 /* PhotosAPI.swift */; };
		37E4E57C23D7DADD0010B6A4 /* PhotoStore.swift in Sources */ = {isa = PBXBuildFile; fileRef = 37E4E57B23D7DADD0010B6A4 /* PhotoStore.swift */; };
/* End PBXBuildFile section */

/* Begin PBXContainerItemProxy section */
		37E4E55B23D7CEF10010B6A4 /* PBXContainerItemProxy */ = {
			isa = PBXContainerItemProxy;
			containerPortal = 37E4E53C23D7CEEF0010B6A4 /* Project object */;
			proxyType = 1;
			remoteGlobalIDString = 37E4E54323D7CEEF0010B6A4;
			remoteInfo = PhotoDisplayer;
		};
		37E4E56623D7CEF10010B6A4 /* PBXContainerItemProxy */ = {
			isa = PBXContainerItemProxy;
			containerPortal = 37E4E53C23D7CEEF0010B6A4 /* Project object */;
			proxyType = 1;
			remoteGlobalIDString = 37E4E54323D7CEEF0010B6A4;
			remoteInfo = PhotoDisplayer;
		};
/* End PBXContainerItemProxy section */

/* Begin PBXFileReference section */
		3709F6A623D816B40021DAF4 /* Photo.swift */ = {isa = PBXFileReference; lastKnownFileType = sourcecode.swift; path = Photo.swift; sourceTree = "<group>"; };
		3743D43F23D89C4A00DE679A /* PhotosError.swift */ = {isa = PBXFileReference; lastKnownFileType = sourcecode.swift; path = PhotosError.swift; sourceTree = "<group>"; };
		3743D44123D89CCE00DE679A /* PhotosResult.swift */ = {isa = PBXFileReference; lastKnownFileType = sourcecode.swift; path = PhotosResult.swift; sourceTree = "<group>"; };
		3743D4F923DAB5E300DE679A /* PhotoError.swift */ = {isa = PBXFileReference; lastKnownFileType = sourcecode.swift; path = PhotoError.swift; sourceTree = "<group>"; };
		3743D4FB23DAB5F000DE679A /* ImageResult.swift */ = {isa = PBXFileReference; lastKnownFileType = sourcecode.swift; path = ImageResult.swift; sourceTree = "<group>"; };
		3743D50223DAC43500DE679A /* PhotoDataSource.swift */ = {isa = PBXFileReference; lastKnownFileType = sourcecode.swift; path = PhotoDataSource.swift; sourceTree = "<group>"; };
		3743D50723DACBFA00DE679A /* PhotoCollectionViewCell.swift */ = {isa = PBXFileReference; lastKnownFileType = sourcecode.swift; path = PhotoCollectionViewCell.swift; sourceTree = "<group>"; };
		3743D50A23DB2EB600DE679A /* PhotoExtension.swift */ = {isa = PBXFileReference; lastKnownFileType = sourcecode.swift; path = PhotoExtension.swift; sourceTree = "<group>"; };
		3743D50C23DC065F00DE679A /* ImageStore.swift */ = {isa = PBXFileReference; fileEncoding = 4; lastKnownFileType = sourcecode.swift; path = ImageStore.swift; sourceTree = "<group>"; };
		3743D51123DC085800DE679A /* PhotoInfoViewController.swift */ = {isa = PBXFileReference; lastKnownFileType = sourcecode.swift; path = PhotoInfoViewController.swift; sourceTree = "<group>"; };
		3743D51323DDD49100DE679A /* UIImageExtension.swift */ = {isa = PBXFileReference; lastKnownFileType = sourcecode.swift; path = UIImageExtension.swift; sourceTree = "<group>"; };
		3743D51623DEB75D00DE679A /* Constants.swift */ = {isa = PBXFileReference; lastKnownFileType = sourcecode.swift; path = Constants.swift; sourceTree = "<group>"; };
		37E4E54423D7CEEF0010B6A4 /* PhotoDisplayer.app */ = {isa = PBXFileReference; explicitFileType = wrapper.application; includeInIndex = 0; path = PhotoDisplayer.app; sourceTree = BUILT_PRODUCTS_DIR; };
		37E4E54723D7CEEF0010B6A4 /* AppDelegate.swift */ = {isa = PBXFileReference; lastKnownFileType = sourcecode.swift; path = AppDelegate.swift; sourceTree = "<group>"; };
		37E4E54923D7CEEF0010B6A4 /* SceneDelegate.swift */ = {isa = PBXFileReference; lastKnownFileType = sourcecode.swift; path = SceneDelegate.swift; sourceTree = "<group>"; };
		37E4E55023D7CEF10010B6A4 /* Assets.xcassets */ = {isa = PBXFileReference; lastKnownFileType = folder.assetcatalog; path = Assets.xcassets; sourceTree = "<group>"; };
		37E4E55523D7CEF10010B6A4 /* Info.plist */ = {isa = PBXFileReference; lastKnownFileType = text.plist.xml; path = Info.plist; sourceTree = "<group>"; };
		37E4E55A23D7CEF10010B6A4 /* PhotoDisplayerTests.xctest */ = {isa = PBXFileReference; explicitFileType = wrapper.cfbundle; includeInIndex = 0; path = PhotoDisplayerTests.xctest; sourceTree = BUILT_PRODUCTS_DIR; };
		37E4E55E23D7CEF10010B6A4 /* PhotoDisplayerTests.swift */ = {isa = PBXFileReference; lastKnownFileType = sourcecode.swift; path = PhotoDisplayerTests.swift; sourceTree = "<group>"; };
		37E4E56023D7CEF10010B6A4 /* Info.plist */ = {isa = PBXFileReference; lastKnownFileType = text.plist.xml; path = Info.plist; sourceTree = "<group>"; };
		37E4E56523D7CEF10010B6A4 /* PhotoDisplayerUITests.xctest */ = {isa = PBXFileReference; explicitFileType = wrapper.cfbundle; includeInIndex = 0; path = PhotoDisplayerUITests.xctest; sourceTree = BUILT_PRODUCTS_DIR; };
		37E4E56923D7CEF10010B6A4 /* PhotoDisplayerUITests.swift */ = {isa = PBXFileReference; lastKnownFileType = sourcecode.swift; path = PhotoDisplayerUITests.swift; sourceTree = "<group>"; };
		37E4E56B23D7CEF10010B6A4 /* Info.plist */ = {isa = PBXFileReference; lastKnownFileType = text.plist.xml; path = Info.plist; sourceTree = "<group>"; };
		37E4E57723D7CF190010B6A4 /* PhotosViewController.swift */ = {isa = PBXFileReference; lastKnownFileType = sourcecode.swift; path = PhotosViewController.swift; sourceTree = "<group>"; };
		37E4E57923D7D1330010B6A4 /* PhotosAPI.swift */ = {isa = PBXFileReference; lastKnownFileType = sourcecode.swift; path = PhotosAPI.swift; sourceTree = "<group>"; };
		37E4E57B23D7DADD0010B6A4 /* PhotoStore.swift */ = {isa = PBXFileReference; lastKnownFileType = sourcecode.swift; path = PhotoStore.swift; sourceTree = "<group>"; };
/* End PBXFileReference section */

/* Begin PBXFrameworksBuildPhase section */
		37E4E54123D7CEEF0010B6A4 /* Frameworks */ = {
			isa = PBXFrameworksBuildPhase;
			buildActionMask = 2147483647;
			files = (
			);
			runOnlyForDeploymentPostprocessing = 0;
		};
		37E4E55723D7CEF10010B6A4 /* Frameworks */ = {
			isa = PBXFrameworksBuildPhase;
			buildActionMask = 2147483647;
			files = (
			);
			runOnlyForDeploymentPostprocessing = 0;
		};
		37E4E56223D7CEF10010B6A4 /* Frameworks */ = {
			isa = PBXFrameworksBuildPhase;
			buildActionMask = 2147483647;
			files = (
			);
			runOnlyForDeploymentPostprocessing = 0;
		};
/* End PBXFrameworksBuildPhase section */

/* Begin PBXGroup section */
		3709F6A823D88D2D0021DAF4 /* WebService */ = {
			isa = PBXGroup;
			children = (
				37E4E57923D7D1330010B6A4 /* PhotosAPI.swift */,
				37E4E57B23D7DADD0010B6A4 /* PhotoStore.swift */,
			);
			path = WebService;
			sourceTree = "<group>";
		};
		3743D43E23D89C3600DE679A /* Enums */ = {
			isa = PBXGroup;
			children = (
				3743D43F23D89C4A00DE679A /* PhotosError.swift */,
				3743D44123D89CCE00DE679A /* PhotosResult.swift */,
				3743D4F923DAB5E300DE679A /* PhotoError.swift */,
				3743D4FB23DAB5F000DE679A /* ImageResult.swift */,
			);
			path = Enums;
			sourceTree = "<group>";
		};
		3743D44323D89DA200DE679A /* Models */ = {
			isa = PBXGroup;
			children = (
				3709F6A623D816B40021DAF4 /* Photo.swift */,
			);
			path = Models;
			sourceTree = "<group>";
		};
		3743D44423D89DC200DE679A /* ViewControllers */ = {
			isa = PBXGroup;
			children = (
				37E4E57723D7CF190010B6A4 /* PhotosViewController.swift */,
				3743D51123DC085800DE679A /* PhotoInfoViewController.swift */,
			);
			path = ViewControllers;
			sourceTree = "<group>";
		};
		3743D50123DAC41C00DE679A /* DataSources */ = {
			isa = PBXGroup;
			children = (
				3743D50223DAC43500DE679A /* PhotoDataSource.swift */,
			);
			path = DataSources;
			sourceTree = "<group>";
		};
		3743D50623DACBE100DE679A /* CollectionViewCells */ = {
			isa = PBXGroup;
			children = (
				3743D50723DACBFA00DE679A /* PhotoCollectionViewCell.swift */,
			);
			path = CollectionViewCells;
			sourceTree = "<group>";
		};
		3743D50923DB2E9600DE679A /* Extensions */ = {
			isa = PBXGroup;
			children = (
				3743D50A23DB2EB600DE679A /* PhotoExtension.swift */,
				3743D51323DDD49100DE679A /* UIImageExtension.swift */,
			);
			path = Extensions;
			sourceTree = "<group>";
		};
		3743D51023DC082B00DE679A /* Caching */ = {
			isa = PBXGroup;
			children = (
				3743D50C23DC065F00DE679A /* ImageStore.swift */,
			);
			path = Caching;
			sourceTree = "<group>";
		};
		3743D51523DEB73A00DE679A /* Constants */ = {
			isa = PBXGroup;
			children = (
				3743D51623DEB75D00DE679A /* Constants.swift */,
			);
			path = Constants;
			sourceTree = "<group>";
		};
		37E4E53B23D7CEEF0010B6A4 = {
			isa = PBXGroup;
			children = (
				37E4E54623D7CEEF0010B6A4 /* PhotoDisplayer */,
				37E4E55D23D7CEF10010B6A4 /* PhotoDisplayerTests */,
				37E4E56823D7CEF10010B6A4 /* PhotoDisplayerUITests */,
				37E4E54523D7CEEF0010B6A4 /* Products */,
			);
			sourceTree = "<group>";
		};
		37E4E54523D7CEEF0010B6A4 /* Products */ = {
			isa = PBXGroup;
			children = (
				37E4E54423D7CEEF0010B6A4 /* PhotoDisplayer.app */,
				37E4E55A23D7CEF10010B6A4 /* PhotoDisplayerTests.xctest */,
				37E4E56523D7CEF10010B6A4 /* PhotoDisplayerUITests.xctest */,
			);
			name = Products;
			sourceTree = "<group>";
		};
		37E4E54623D7CEEF0010B6A4 /* PhotoDisplayer */ = {
			isa = PBXGroup;
			children = (
				3743D51523DEB73A00DE679A /* Constants */,
				3743D51023DC082B00DE679A /* Caching */,
				3743D50923DB2E9600DE679A /* Extensions */,
				3743D50623DACBE100DE679A /* CollectionViewCells */,
				3743D50123DAC41C00DE679A /* DataSources */,
				3743D44423D89DC200DE679A /* ViewControllers */,
				3743D44323D89DA200DE679A /* Models */,
				3743D43E23D89C3600DE679A /* Enums */,
				3709F6A823D88D2D0021DAF4 /* WebService */,
				37E4E54723D7CEEF0010B6A4 /* AppDelegate.swift */,
				37E4E54923D7CEEF0010B6A4 /* SceneDelegate.swift */,
				37E4E55023D7CEF10010B6A4 /* Assets.xcassets */,
				37E4E55523D7CEF10010B6A4 /* Info.plist */,
			);
			path = PhotoDisplayer;
			sourceTree = "<group>";
		};
		37E4E55D23D7CEF10010B6A4 /* PhotoDisplayerTests */ = {
			isa = PBXGroup;
			children = (
				37E4E55E23D7CEF10010B6A4 /* PhotoDisplayerTests.swift */,
				37E4E56023D7CEF10010B6A4 /* Info.plist */,
			);
			path = PhotoDisplayerTests;
			sourceTree = "<group>";
		};
		37E4E56823D7CEF10010B6A4 /* PhotoDisplayerUITests */ = {
			isa = PBXGroup;
			children = (
				37E4E56923D7CEF10010B6A4 /* PhotoDisplayerUITests.swift */,
				37E4E56B23D7CEF10010B6A4 /* Info.plist */,
			);
			path = PhotoDisplayerUITests;
			sourceTree = "<group>";
		};
/* End PBXGroup section */

/* Begin PBXNativeTarget section */
		37E4E54323D7CEEF0010B6A4 /* PhotoDisplayer */ = {
			isa = PBXNativeTarget;
			buildConfigurationList = 37E4E56E23D7CEF10010B6A4 /* Build configuration list for PBXNativeTarget "PhotoDisplayer" */;
			buildPhases = (
				37E4E54023D7CEEF0010B6A4 /* Sources */,
				37E4E54123D7CEEF0010B6A4 /* Frameworks */,
				37E4E54223D7CEEF0010B6A4 /* Resources */,
			);
			buildRules = (
			);
			dependencies = (
			);
			name = PhotoDisplayer;
			productName = PhotoDisplayer;
			productReference = 37E4E54423D7CEEF0010B6A4 /* PhotoDisplayer.app */;
			productType = "com.apple.product-type.application";
		};
		37E4E55923D7CEF10010B6A4 /* PhotoDisplayerTests */ = {
			isa = PBXNativeTarget;
			buildConfigurationList = 37E4E57123D7CEF10010B6A4 /* Build configuration list for PBXNativeTarget "PhotoDisplayerTests" */;
			buildPhases = (
				37E4E55623D7CEF10010B6A4 /* Sources */,
				37E4E55723D7CEF10010B6A4 /* Frameworks */,
				37E4E55823D7CEF10010B6A4 /* Resources */,
			);
			buildRules = (
			);
			dependencies = (
				37E4E55C23D7CEF10010B6A4 /* PBXTargetDependency */,
			);
			name = PhotoDisplayerTests;
			productName = PhotoDisplayerTests;
			productReference = 37E4E55A23D7CEF10010B6A4 /* PhotoDisplayerTests.xctest */;
			productType = "com.apple.product-type.bundle.unit-test";
		};
		37E4E56423D7CEF10010B6A4 /* PhotoDisplayerUITests */ = {
			isa = PBXNativeTarget;
			buildConfigurationList = 37E4E57423D7CEF10010B6A4 /* Build configuration list for PBXNativeTarget "PhotoDisplayerUITests" */;
			buildPhases = (
				37E4E56123D7CEF10010B6A4 /* Sources */,
				37E4E56223D7CEF10010B6A4 /* Frameworks */,
				37E4E56323D7CEF10010B6A4 /* Resources */,
			);
			buildRules = (
			);
			dependencies = (
				37E4E56723D7CEF10010B6A4 /* PBXTargetDependency */,
			);
			name = PhotoDisplayerUITests;
			productName = PhotoDisplayerUITests;
			productReference = 37E4E56523D7CEF10010B6A4 /* PhotoDisplayerUITests.xctest */;
			productType = "com.apple.product-type.bundle.ui-testing";
		};
/* End PBXNativeTarget section */

/* Begin PBXProject section */
		37E4E53C23D7CEEF0010B6A4 /* Project object */ = {
			isa = PBXProject;
			attributes = {
				LastSwiftUpdateCheck = 1130;
				LastUpgradeCheck = 1130;
				ORGANIZATIONNAME = "ABDUR RAFAY";
				TargetAttributes = {
					37E4E54323D7CEEF0010B6A4 = {
						CreatedOnToolsVersion = 11.3;
					};
					37E4E55923D7CEF10010B6A4 = {
						CreatedOnToolsVersion = 11.3;
						TestTargetID = 37E4E54323D7CEEF0010B6A4;
					};
					37E4E56423D7CEF10010B6A4 = {
						CreatedOnToolsVersion = 11.3;
						TestTargetID = 37E4E54323D7CEEF0010B6A4;
					};
				};
			};
			buildConfigurationList = 37E4E53F23D7CEEF0010B6A4 /* Build configuration list for PBXProject "PhotoDisplayer" */;
			compatibilityVersion = "Xcode 9.3";
			developmentRegion = en;
			hasScannedForEncodings = 0;
			knownRegions = (
				en,
				Base,
			);
			mainGroup = 37E4E53B23D7CEEF0010B6A4;
			productRefGroup = 37E4E54523D7CEEF0010B6A4 /* Products */;
			projectDirPath = "";
			projectRoot = "";
			targets = (
				37E4E54323D7CEEF0010B6A4 /* PhotoDisplayer */,
				37E4E55923D7CEF10010B6A4 /* PhotoDisplayerTests */,
				37E4E56423D7CEF10010B6A4 /* PhotoDisplayerUITests */,
			);
		};
/* End PBXProject section */

/* Begin PBXResourcesBuildPhase section */
		37E4E54223D7CEEF0010B6A4 /* Resources */ = {
			isa = PBXResourcesBuildPhase;
			buildActionMask = 2147483647;
			files = (
				37E4E55123D7CEF10010B6A4 /* Assets.xcassets in Resources */,
			);
			runOnlyForDeploymentPostprocessing = 0;
		};
		37E4E55823D7CEF10010B6A4 /* Resources */ = {
			isa = PBXResourcesBuildPhase;
			buildActionMask = 2147483647;
			files = (
			);
			runOnlyForDeploymentPostprocessing = 0;
		};
		37E4E56323D7CEF10010B6A4 /* Resources */ = {
			isa = PBXResourcesBuildPhase;
			buildActionMask = 2147483647;
			files = (
			);
			runOnlyForDeploymentPostprocessing = 0;
		};
/* End PBXResourcesBuildPhase section */

/* Begin PBXSourcesBuildPhase section */
		37E4E54023D7CEEF0010B6A4 /* Sources */ = {
			isa = PBXSourcesBuildPhase;
			buildActionMask = 2147483647;
			files = (
				3743D50B23DB2EB600DE679A /* PhotoExtension.swift in Sources */,
				3743D51723DEB75D00DE679A /* Constants.swift in Sources */,
				3743D4FC23DAB5F000DE679A /* ImageResult.swift in Sources */,
				3709F6A723D816B40021DAF4 /* Photo.swift in Sources */,
				3743D44223D89CCE00DE679A /* PhotosResult.swift in Sources */,
				3743D4FA23DAB5E300DE679A /* PhotoError.swift in Sources */,
				3743D50D23DC066000DE679A /* ImageStore.swift in Sources */,
				37E4E57C23D7DADD0010B6A4 /* PhotoStore.swift in Sources */,
				3743D50823DACBFA00DE679A /* PhotoCollectionViewCell.swift in Sources */,
				37E4E57823D7CF190010B6A4 /* PhotosViewController.swift in Sources */,
				37E4E54823D7CEEF0010B6A4 /* AppDelegate.swift in Sources */,
				3743D50323DAC43500DE679A /* PhotoDataSource.swift in Sources */,
				3743D51223DC085800DE679A /* PhotoInfoViewController.swift in Sources */,
				3743D44023D89C4A00DE679A /* PhotosError.swift in Sources */,
				37E4E54A23D7CEEF0010B6A4 /* SceneDelegate.swift in Sources */,
				37E4E57A23D7D1330010B6A4 /* PhotosAPI.swift in Sources */,
				3743D51423DDD49100DE679A /* UIImageExtension.swift in Sources */,
			);
			runOnlyForDeploymentPostprocessing = 0;
		};
		37E4E55623D7CEF10010B6A4 /* Sources */ = {
			isa = PBXSourcesBuildPhase;
			buildActionMask = 2147483647;
			files = (
				37E4E55F23D7CEF10010B6A4 /* PhotoDisplayerTests.swift in Sources */,
			);
			runOnlyForDeploymentPostprocessing = 0;
		};
		37E4E56123D7CEF10010B6A4 /* Sources */ = {
			isa = PBXSourcesBuildPhase;
			buildActionMask = 2147483647;
			files = (
				37E4E56A23D7CEF10010B6A4 /* PhotoDisplayerUITests.swift in Sources */,
			);
			runOnlyForDeploymentPostprocessing = 0;
		};
/* End PBXSourcesBuildPhase section */

/* Begin PBXTargetDependency section */
		37E4E55C23D7CEF10010B6A4 /* PBXTargetDependency */ = {
			isa = PBXTargetDependency;
			target = 37E4E54323D7CEEF0010B6A4 /* PhotoDisplayer */;
			targetProxy = 37E4E55B23D7CEF10010B6A4 /* PBXContainerItemProxy */;
		};
		37E4E56723D7CEF10010B6A4 /* PBXTargetDependency */ = {
			isa = PBXTargetDependency;
			target = 37E4E54323D7CEEF0010B6A4 /* PhotoDisplayer */;
			targetProxy = 37E4E56623D7CEF10010B6A4 /* PBXContainerItemProxy */;
		};
/* End PBXTargetDependency section */

/* Begin XCBuildConfiguration section */
		37E4E56C23D7CEF10010B6A4 /* Debug */ = {
			isa = XCBuildConfiguration;
			buildSettings = {
				ALWAYS_SEARCH_USER_PATHS = NO;
				CLANG_ANALYZER_NONNULL = YES;
				CLANG_ANALYZER_NUMBER_OBJECT_CONVERSION = YES_AGGRESSIVE;
				CLANG_CXX_LANGUAGE_STANDARD = "gnu++14";
				CLANG_CXX_LIBRARY = "libc++";
				CLANG_ENABLE_MODULES = YES;
				CLANG_ENABLE_OBJC_ARC = YES;
				CLANG_ENABLE_OBJC_WEAK = YES;
				CLANG_WARN_BLOCK_CAPTURE_AUTORELEASING = YES;
				CLANG_WARN_BOOL_CONVERSION = YES;
				CLANG_WARN_COMMA = YES;
				CLANG_WARN_CONSTANT_CONVERSION = YES;
				CLANG_WARN_DEPRECATED_OBJC_IMPLEMENTATIONS = YES;
				CLANG_WARN_DIRECT_OBJC_ISA_USAGE = YES_ERROR;
				CLANG_WARN_DOCUMENTATION_COMMENTS = YES;
				CLANG_WARN_EMPTY_BODY = YES;
				CLANG_WARN_ENUM_CONVERSION = YES;
				CLANG_WARN_INFINITE_RECURSION = YES;
				CLANG_WARN_INT_CONVERSION = YES;
				CLANG_WARN_NON_LITERAL_NULL_CONVERSION = YES;
				CLANG_WARN_OBJC_IMPLICIT_RETAIN_SELF = YES;
				CLANG_WARN_OBJC_LITERAL_CONVERSION = YES;
				CLANG_WARN_OBJC_ROOT_CLASS = YES_ERROR;
				CLANG_WARN_RANGE_LOOP_ANALYSIS = YES;
				CLANG_WARN_STRICT_PROTOTYPES = YES;
				CLANG_WARN_SUSPICIOUS_MOVE = YES;
				CLANG_WARN_UNGUARDED_AVAILABILITY = YES_AGGRESSIVE;
				CLANG_WARN_UNREACHABLE_CODE = YES;
				CLANG_WARN__DUPLICATE_METHOD_MATCH = YES;
				COPY_PHASE_STRIP = NO;
				DEBUG_INFORMATION_FORMAT = dwarf;
				ENABLE_STRICT_OBJC_MSGSEND = YES;
				ENABLE_TESTABILITY = YES;
				GCC_C_LANGUAGE_STANDARD = gnu11;
				GCC_DYNAMIC_NO_PIC = NO;
				GCC_NO_COMMON_BLOCKS = YES;
				GCC_OPTIMIZATION_LEVEL = 0;
				GCC_PREPROCESSOR_DEFINITIONS = (
					"DEBUG=1",
					"$(inherited)",
				);
				GCC_WARN_64_TO_32_BIT_CONVERSION = YES;
				GCC_WARN_ABOUT_RETURN_TYPE = YES_ERROR;
				GCC_WARN_UNDECLARED_SELECTOR = YES;
				GCC_WARN_UNINITIALIZED_AUTOS = YES_AGGRESSIVE;
				GCC_WARN_UNUSED_FUNCTION = YES;
				GCC_WARN_UNUSED_VARIABLE = YES;
				IPHONEOS_DEPLOYMENT_TARGET = 13.2;
				MTL_ENABLE_DEBUG_INFO = INCLUDE_SOURCE;
				MTL_FAST_MATH = YES;
				ONLY_ACTIVE_ARCH = YES;
				SDKROOT = iphoneos;
				SWIFT_ACTIVE_COMPILATION_CONDITIONS = DEBUG;
				SWIFT_OPTIMIZATION_LEVEL = "-Onone";
			};
			name = Debug;
		};
		37E4E56D23D7CEF10010B6A4 /* Release */ = {
			isa = XCBuildConfiguration;
			buildSettings = {
				ALWAYS_SEARCH_USER_PATHS = NO;
				CLANG_ANALYZER_NONNULL = YES;
				CLANG_ANALYZER_NUMBER_OBJECT_CONVERSION = YES_AGGRESSIVE;
				CLANG_CXX_LANGUAGE_STANDARD = "gnu++14";
				CLANG_CXX_LIBRARY = "libc++";
				CLANG_ENABLE_MODULES = YES;
				CLANG_ENABLE_OBJC_ARC = YES;
				CLANG_ENABLE_OBJC_WEAK = YES;
				CLANG_WARN_BLOCK_CAPTURE_AUTORELEASING = YES;
				CLANG_WARN_BOOL_CONVERSION = YES;
				CLANG_WARN_COMMA = YES;
				CLANG_WARN_CONSTANT_CONVERSION = YES;
				CLANG_WARN_DEPRECATED_OBJC_IMPLEMENTATIONS = YES;
				CLANG_WARN_DIRECT_OBJC_ISA_USAGE = YES_ERROR;
				CLANG_WARN_DOCUMENTATION_COMMENTS = YES;
				CLANG_WARN_EMPTY_BODY = YES;
				CLANG_WARN_ENUM_CONVERSION = YES;
				CLANG_WARN_INFINITE_RECURSION = YES;
				CLANG_WARN_INT_CONVERSION = YES;
				CLANG_WARN_NON_LITERAL_NULL_CONVERSION = YES;
				CLANG_WARN_OBJC_IMPLICIT_RETAIN_SELF = YES;
				CLANG_WARN_OBJC_LITERAL_CONVERSION = YES;
				CLANG_WARN_OBJC_ROOT_CLASS = YES_ERROR;
				CLANG_WARN_RANGE_LOOP_ANALYSIS = YES;
				CLANG_WARN_STRICT_PROTOTYPES = YES;
				CLANG_WARN_SUSPICIOUS_MOVE = YES;
				CLANG_WARN_UNGUARDED_AVAILABILITY = YES_AGGRESSIVE;
				CLANG_WARN_UNREACHABLE_CODE = YES;
				CLANG_WARN__DUPLICATE_METHOD_MATCH = YES;
				COPY_PHASE_STRIP = NO;
				DEBUG_INFORMATION_FORMAT = "dwarf-with-dsym";
				ENABLE_NS_ASSERTIONS = NO;
				ENABLE_STRICT_OBJC_MSGSEND = YES;
				GCC_C_LANGUAGE_STANDARD = gnu11;
				GCC_NO_COMMON_BLOCKS = YES;
				GCC_WARN_64_TO_32_BIT_CONVERSION = YES;
				GCC_WARN_ABOUT_RETURN_TYPE = YES_ERROR;
				GCC_WARN_UNDECLARED_SELECTOR = YES;
				GCC_WARN_UNINITIALIZED_AUTOS = YES_AGGRESSIVE;
				GCC_WARN_UNUSED_FUNCTION = YES;
				GCC_WARN_UNUSED_VARIABLE = YES;
				IPHONEOS_DEPLOYMENT_TARGET = 13.2;
				MTL_ENABLE_DEBUG_INFO = NO;
				MTL_FAST_MATH = YES;
				SDKROOT = iphoneos;
				SWIFT_COMPILATION_MODE = wholemodule;
				SWIFT_OPTIMIZATION_LEVEL = "-O";
				VALIDATE_PRODUCT = YES;
			};
			name = Release;
		};
		37E4E56F23D7CEF10010B6A4 /* Debug */ = {
			isa = XCBuildConfiguration;
			buildSettings = {
				ASSETCATALOG_COMPILER_APPICON_NAME = AppIcon;
				CODE_SIGN_STYLE = Automatic;
				INFOPLIST_FILE = PhotoDisplayer/Info.plist;
				IPHONEOS_DEPLOYMENT_TARGET = 13.2;
				LD_RUNPATH_SEARCH_PATHS = (
					"$(inherited)",
					"@executable_path/Frameworks",
				);
				PRODUCT_BUNDLE_IDENTIFIER = Abdur.PhotoDisplayer;
				PRODUCT_NAME = "$(TARGET_NAME)";
				SWIFT_VERSION = 5.0;
				TARGETED_DEVICE_FAMILY = "1,2";
			};
			name = Debug;
		};
		37E4E57023D7CEF10010B6A4 /* Release */ = {
			isa = XCBuildConfiguration;
			buildSettings = {
				ASSETCATALOG_COMPILER_APPICON_NAME = AppIcon;
				CODE_SIGN_STYLE = Automatic;
				INFOPLIST_FILE = PhotoDisplayer/Info.plist;
				IPHONEOS_DEPLOYMENT_TARGET = 13.2;
				LD_RUNPATH_SEARCH_PATHS = (
					"$(inherited)",
					"@executable_path/Frameworks",
				);
				PRODUCT_BUNDLE_IDENTIFIER = Abdur.PhotoDisplayer;
				PRODUCT_NAME = "$(TARGET_NAME)";
				SWIFT_VERSION = 5.0;
				TARGETED_DEVICE_FAMILY = "1,2";
			};
			name = Release;
		};
		37E4E57223D7CEF10010B6A4 /* Debug */ = {
			isa = XCBuildConfiguration;
			buildSettings = {
				ALWAYS_EMBED_SWIFT_STANDARD_LIBRARIES = YES;
				BUNDLE_LOADER = "$(TEST_HOST)";
				CODE_SIGN_STYLE = Automatic;
				INFOPLIST_FILE = PhotoDisplayerTests/Info.plist;
				IPHONEOS_DEPLOYMENT_TARGET = 13.2;
				LD_RUNPATH_SEARCH_PATHS = (
					"$(inherited)",
					"@executable_path/Frameworks",
					"@loader_path/Frameworks",
				);
				PRODUCT_BUNDLE_IDENTIFIER = Abdur.PhotoDisplayerTests;
				PRODUCT_NAME = "$(TARGET_NAME)";
				SWIFT_VERSION = 5.0;
				TARGETED_DEVICE_FAMILY = "1,2";
				TEST_HOST = "$(BUILT_PRODUCTS_DIR)/PhotoDisplayer.app/PhotoDisplayer";
			};
			name = Debug;
		};
		37E4E57323D7CEF10010B6A4 /* Release */ = {
			isa = XCBuildConfiguration;
			buildSettings = {
				ALWAYS_EMBED_SWIFT_STANDARD_LIBRARIES = YES;
				BUNDLE_LOADER = "$(TEST_HOST)";
				CODE_SIGN_STYLE = Automatic;
				INFOPLIST_FILE = PhotoDisplayerTests/Info.plist;
				IPHONEOS_DEPLOYMENT_TARGET = 13.2;
				LD_RUNPATH_SEARCH_PATHS = (
					"$(inherited)",
					"@executable_path/Frameworks",
					"@loader_path/Frameworks",
				);
				PRODUCT_BUNDLE_IDENTIFIER = Abdur.PhotoDisplayerTests;
				PRODUCT_NAME = "$(TARGET_NAME)";
				SWIFT_VERSION = 5.0;
				TARGETED_DEVICE_FAMILY = "1,2";
				TEST_HOST = "$(BUILT_PRODUCTS_DIR)/PhotoDisplayer.app/PhotoDisplayer";
			};
			name = Release;
		};
		37E4E57523D7CEF10010B6A4 /* Debug */ = {
			isa = XCBuildConfiguration;
			buildSettings = {
				ALWAYS_EMBED_SWIFT_STANDARD_LIBRARIES = YES;
				CODE_SIGN_STYLE = Automatic;
				INFOPLIST_FILE = PhotoDisplayerUITests/Info.plist;
				LD_RUNPATH_SEARCH_PATHS = (
					"$(inherited)",
					"@executable_path/Frameworks",
					"@loader_path/Frameworks",
				);
				PRODUCT_BUNDLE_IDENTIFIER = Abdur.PhotoDisplayerUITests;
				PRODUCT_NAME = "$(TARGET_NAME)";
				SWIFT_VERSION = 5.0;
				TARGETED_DEVICE_FAMILY = "1,2";
				TEST_TARGET_NAME = PhotoDisplayer;
			};
			name = Debug;
		};
		37E4E57623D7CEF10010B6A4 /* Release */ = {
			isa = XCBuildConfiguration;
			buildSettings = {
				ALWAYS_EMBED_SWIFT_STANDARD_LIBRARIES = YES;
				CODE_SIGN_STYLE = Automatic;
				INFOPLIST_FILE = PhotoDisplayerUITests/Info.plist;
				LD_RUNPATH_SEARCH_PATHS = (
					"$(inherited)",
					"@executable_path/Frameworks",
					"@loader_path/Frameworks",
				);
				PRODUCT_BUNDLE_IDENTIFIER = Abdur.PhotoDisplayerUITests;
				PRODUCT_NAME = "$(TARGET_NAME)";
				SWIFT_VERSION = 5.0;
				TARGETED_DEVICE_FAMILY = "1,2";
				TEST_TARGET_NAME = PhotoDisplayer;
			};
			name = Release;
		};
/* End XCBuildConfiguration section */

/* Begin XCConfigurationList section */
		37E4E53F23D7CEEF0010B6A4 /* Build configuration list for PBXProject "PhotoDisplayer" */ = {
			isa = XCConfigurationList;
			buildConfigurations = (
				37E4E56C23D7CEF10010B6A4 /* Debug */,
				37E4E56D23D7CEF10010B6A4 /* Release */,
			);
			defaultConfigurationIsVisible = 0;
			defaultConfigurationName = Release;
		};
		37E4E56E23D7CEF10010B6A4 /* Build configuration list for PBXNativeTarget "PhotoDisplayer" */ = {
			isa = XCConfigurationList;
			buildConfigurations = (
				37E4E56F23D7CEF10010B6A4 /* Debug */,
				37E4E57023D7CEF10010B6A4 /* Release */,
			);
			defaultConfigurationIsVisible = 0;
			defaultConfigurationName = Release;
		};
		37E4E57123D7CEF10010B6A4 /* Build configuration list for PBXNativeTarget "PhotoDisplayerTests" */ = {
			isa = XCConfigurationList;
			buildConfigurations = (
				37E4E57223D7CEF10010B6A4 /* Debug */,
				37E4E57323D7CEF10010B6A4 /* Release */,
			);
			defaultConfigurationIsVisible = 0;
			defaultConfigurationName = Release;
		};
		37E4E57423D7CEF10010B6A4 /* Build configuration list for PBXNativeTarget "PhotoDisplayerUITests" */ = {
			isa = XCConfigurationList;
			buildConfigurations = (
				37E4E57523D7CEF10010B6A4 /* Debug */,
				37E4E57623D7CEF10010B6A4 /* Release */,
			);
			defaultConfigurationIsVisible = 0;
			defaultConfigurationName = Release;
		};
/* End XCConfigurationList section */
	};
	rootObject = 37E4E53C23D7CEEF0010B6A4 /* Project object */;
}
